
Microsoft Visual Studio Solution File, Format Version 12.00
# Visual Studio 14
VisualStudioVersion = 14.0.22512.0
MinimumVisualStudioVersion = 10.0.40219.1
Project("{FAE04EC0-301F-11D3-BF4B-00C04F79EFBC}") = "DataAccessLib", "DataAccessLib\DataAccessLib.csproj", "{D55761C0-6BE2-4B97-802C-001B0731FBAD}"
EndProject
Project("{FAE04EC0-301F-11D3-BF4B-00C04F79EFBC}") = "WebClientApp", "WebClientApp\WebClientApp.csproj", "{5E5D3B2A-6FB9-4B9E-9C91-7A5600035A12}"
EndProject
Global
	GlobalSection(SolutionConfigurationPlatforms) = preSolution
		Debug|Any CPU = Debug|Any CPU
		Release|Any CPU = Release|Any CPU
	EndGlobalSection
	GlobalSection(ProjectConfigurationPlatforms) = postSolution
		{D55761C0-6BE2-4B97-802C-001B0731FBAD}.Debug|Any CPU.ActiveCfg = Debug|Any CPU
		{D55761C0-6BE2-4B97-802C-001B0731FBAD}.Debug|Any CPU.Build.0 = Debug|Any CPU
		{D55761C0-6BE2-4B97-802C-001B0731FBAD}.Release|Any CPU.ActiveCfg = Release|Any CPU
		{D55761C0-6BE2-4B97-802C-001B0731FBAD}.Release|Any CPU.Build.0 = Release|Any CPU
		{5E5D3B2A-6FB9-4B9E-9C91-7A5600035A12}.Debug|Any CPU.ActiveCfg = Debug|Any CPU
		{5E5D3B2A-6FB9-4B9E-9C91-7A5600035A12}.Debug|Any CPU.Build.0 = Debug|Any CPU
		{5E5D3B2A-6FB9-4B9E-9C91-7A5600035A12}.Release|Any CPU.ActiveCfg = Release|Any CPU
		{5E5D3B2A-6FB9-4B9E-9C91-7A5600035A12}.Release|Any CPU.Build.0 = Release|Any CPU
	EndGlobalSection
	GlobalSection(SolutionProperties) = preSolution
		HideSolutionNode = FALSE
	EndGlobalSection
EndGlobal
